
Microsoft Visual Studio Solution File, Format Version 12.00
# Visual Studio 15
VisualStudioVersion = 15.0.27130.2024
MinimumVisualStudioVersion = 10.0.40219.1
Project("{FAE04EC0-301F-11D3-BF4B-00C04F79EFBC}") = "Fhey.framework", "Fhey.framework\Fhey.framework.csproj", "{1AE4CB17-10F5-4EFC-BAF0-FC66B31A2EBD}"
EndProject
Project("{FAE04EC0-301F-11D3-BF4B-00C04F79EFBC}") = "Fhey.Framework.Uility", "Fhey.Framework.Uility\Fhey.Framework.Uility.csproj", "{883DBDE0-8A7B-4C0B-AB98-560C548FEC0D}"
EndProject
Project("{FAE04EC0-301F-11D3-BF4B-00C04F79EFBC}") = "Fhey.Framework.Validate", "Fhey.Framework.Validate\Fhey.Framework.Validate.csproj", "{05110507-FA3D-4D73-9C58-F21EE842CACD}"
EndProject
Project("{FAE04EC0-301F-11D3-BF4B-00C04F79EFBC}") = "Fhey.Framework.Spring", "Fhey.Framework.Spring\Fhey.Framework.Spring.csproj", "{608549B6-44A1-44B4-8619-7362B54E4F52}"
EndProject
Project("{FAE04EC0-301F-11D3-BF4B-00C04F79EFBC}") = "Fhey.Framework.Redis", "Fhey.Framework.Redis\Fhey.Framework.Redis.csproj", "{5B783A8A-917A-4D23-9A00-C7C5CC10C848}"
EndProject
Project("{FAE04EC0-301F-11D3-BF4B-00C04F79EFBC}") = "Fhey.Framework.Log4", "Fhey.Framework.Log4\Fhey.Framework.Log4.csproj", "{8A2F1DD7-2133-45C6-987A-5E863637BF49}"
EndProject
Project("{2150E333-8FDC-42A3-9474-1A3956D46DE8}") = "Test", "Test", "{C7FA139E-D5EE-4ADF-8EC6-D02D12CBE228}"
EndProject
Project("{FAE04EC0-301F-11D3-BF4B-00C04F79EFBC}") = "LogTest", "LogTest\LogTest.csproj", "{88D2C1B2-F0CF-4A88-AA70-641068C809E5}"
EndProject
Project("{FAE04EC0-301F-11D3-BF4B-00C04F79EFBC}") = "Fhey.Framework.Autofac", "Fhey.Framework.Autofac\Fhey.Framework.Autofac.csproj", "{2FD56A23-ADC8-4700-8D94-3075C2BFBB0D}"
EndProject
Project("{FAE04EC0-301F-11D3-BF4B-00C04F79EFBC}") = "Fhey.framework.MyBatis", "Fhey.framework.MyBatis\Fhey.framework.MyBatis.csproj", "{2FBD9252-393B-48DC-AC9E-551D5BA87B97}"
EndProject
Project("{FAE04EC0-301F-11D3-BF4B-00C04F79EFBC}") = "UilityTest", "UilityTest\UilityTest.csproj", "{44E868A1-E0E1-465D-9C6C-AB8D4F322A47}"
EndProject
Global
	GlobalSection(SolutionConfigurationPlatforms) = preSolution
		Debug|Any CPU = Debug|Any CPU
		Release|Any CPU = Release|Any CPU
	EndGlobalSection
	GlobalSection(ProjectConfigurationPlatforms) = postSolution
		{1AE4CB17-10F5-4EFC-BAF0-FC66B31A2EBD}.Debug|Any CPU.ActiveCfg = Debug|Any CPU
		{1AE4CB17-10F5-4EFC-BAF0-FC66B31A2EBD}.Debug|Any CPU.Build.0 = Debug|Any CPU
		{1AE4CB17-10F5-4EFC-BAF0-FC66B31A2EBD}.Release|Any CPU.ActiveCfg = Release|Any CPU
		{1AE4CB17-10F5-4EFC-BAF0-FC66B31A2EBD}.Release|Any CPU.Build.0 = Release|Any CPU
		{883DBDE0-8A7B-4C0B-AB98-560C548FEC0D}.Debug|Any CPU.ActiveCfg = Debug|Any CPU
		{883DBDE0-8A7B-4C0B-AB98-560C548FEC0D}.Debug|Any CPU.Build.0 = Debug|Any CPU
		{883DBDE0-8A7B-4C0B-AB98-560C548FEC0D}.Release|Any CPU.ActiveCfg = Release|Any CPU
		{883DBDE0-8A7B-4C0B-AB98-560C548FEC0D}.Release|Any CPU.Build.0 = Release|Any CPU
		{05110507-FA3D-4D73-9C58-F21EE842CACD}.Debug|Any CPU.ActiveCfg = Debug|Any CPU
		{05110507-FA3D-4D73-9C58-F21EE842CACD}.Debug|Any CPU.Build.0 = Debug|Any CPU
		{05110507-FA3D-4D73-9C58-F21EE842CACD}.Release|Any CPU.ActiveCfg = Release|Any CPU
		{05110507-FA3D-4D73-9C58-F21EE842CACD}.Release|Any CPU.Build.0 = Release|Any CPU
		{608549B6-44A1-44B4-8619-7362B54E4F52}.Debug|Any CPU.ActiveCfg = Debug|Any CPU
		{608549B6-44A1-44B4-8619-7362B54E4F52}.Debug|Any CPU.Build.0 = Debug|Any CPU
		{608549B6-44A1-44B4-8619-7362B54E4F52}.Release|Any CPU.ActiveCfg = Release|Any CPU
		{608549B6-44A1-44B4-8619-7362B54E4F52}.Release|Any CPU.Build.0 = Release|Any CPU
		{5B783A8A-917A-4D23-9A00-C7C5CC10C848}.Debug|Any CPU.ActiveCfg = Debug|Any CPU
		{5B783A8A-917A-4D23-9A00-C7C5CC10C848}.Debug|Any CPU.Build.0 = Debug|Any CPU
		{5B783A8A-917A-4D23-9A00-C7C5CC10C848}.Release|Any CPU.ActiveCfg = Release|Any CPU
		{5B783A8A-917A-4D23-9A00-C7C5CC10C848}.Release|Any CPU.Build.0 = Release|Any CPU
		{8A2F1DD7-2133-45C6-987A-5E863637BF49}.Debug|Any CPU.ActiveCfg = Debug|Any CPU
		{8A2F1DD7-2133-45C6-987A-5E863637BF49}.Debug|Any CPU.Build.0 = Debug|Any CPU
		{8A2F1DD7-2133-45C6-987A-5E863637BF49}.Release|Any CPU.ActiveCfg = Release|Any CPU
		{8A2F1DD7-2133-45C6-987A-5E863637BF49}.Release|Any CPU.Build.0 = Release|Any CPU
		{88D2C1B2-F0CF-4A88-AA70-641068C809E5}.Debug|Any CPU.ActiveCfg = Debug|Any CPU
		{88D2C1B2-F0CF-4A88-AA70-641068C809E5}.Debug|Any CPU.Build.0 = Debug|Any CPU
		{88D2C1B2-F0CF-4A88-AA70-641068C809E5}.Release|Any CPU.ActiveCfg = Release|Any CPU
		{88D2C1B2-F0CF-4A88-AA70-641068C809E5}.Release|Any CPU.Build.0 = Release|Any CPU
		{2FD56A23-ADC8-4700-8D94-3075C2BFBB0D}.Debug|Any CPU.ActiveCfg = Debug|Any CPU
		{2FD56A23-ADC8-4700-8D94-3075C2BFBB0D}.Debug|Any CPU.Build.0 = Debug|Any CPU
		{2FD56A23-ADC8-4700-8D94-3075C2BFBB0D}.Release|Any CPU.ActiveCfg = Release|Any CPU
		{2FD56A23-ADC8-4700-8D94-3075C2BFBB0D}.Release|Any CPU.Build.0 = Release|Any CPU
		{2FBD9252-393B-48DC-AC9E-551D5BA87B97}.Debug|Any CPU.ActiveCfg = Debug|Any CPU
		{2FBD9252-393B-48DC-AC9E-551D5BA87B97}.Debug|Any CPU.Build.0 = Debug|Any CPU
		{2FBD9252-393B-48DC-AC9E-551D5BA87B97}.Release|Any CPU.ActiveCfg = Release|Any CPU
		{2FBD9252-393B-48DC-AC9E-551D5BA87B97}.Release|Any CPU.Build.0 = Release|Any CPU
		{44E868A1-E0E1-465D-9C6C-AB8D4F322A47}.Debug|Any CPU.ActiveCfg = Debug|Any CPU
		{44E868A1-E0E1-465D-9C6C-AB8D4F322A47}.Debug|Any CPU.Build.0 = Debug|Any CPU
		{44E868A1-E0E1-465D-9C6C-AB8D4F322A47}.Release|Any CPU.ActiveCfg = Release|Any CPU
		{44E868A1-E0E1-465D-9C6C-AB8D4F322A47}.Release|Any CPU.Build.0 = Release|Any CPU
	EndGlobalSection
	GlobalSection(SolutionProperties) = preSolution
		HideSolutionNode = FALSE
	EndGlobalSection
	GlobalSection(NestedProjects) = preSolution
		{88D2C1B2-F0CF-4A88-AA70-641068C809E5} = {C7FA139E-D5EE-4ADF-8EC6-D02D12CBE228}
		{44E868A1-E0E1-465D-9C6C-AB8D4F322A47} = {C7FA139E-D5EE-4ADF-8EC6-D02D12CBE228}
	EndGlobalSection
	GlobalSection(ExtensibilityGlobals) = postSolution
		SolutionGuid = {88E7EC12-D82B-4A2C-9DA6-CEA77C1341E7}
	EndGlobalSection
EndGlobal
